// !$*UTF8*$!
{
	archiveVersion = 1;
	classes = {
	};
	objectVersion = 50;
	objects = {

/* Begin PBXBuildFile section */
		D99FB85D26973EE600741BD5 /* CoverImageModel.swift in Sources */ = {isa = PBXBuildFile; fileRef = D99FB85C26973EE600741BD5 /* CoverImageModel.swift */; };
		D99FB861269741B500741BD5 /* CodableBundleExtension.swift in Sources */ = {isa = PBXBuildFile; fileRef = D99FB860269741B500741BD5 /* CodableBundleExtension.swift */; };
		D9C2BDA626960C0B00A27246 /* AfricaApp.swift in Sources */ = {isa = PBXBuildFile; fileRef = D9C2BDA526960C0B00A27246 /* AfricaApp.swift */; };
		D9C2BDA826960C0B00A27246 /* ContentView.swift in Sources */ = {isa = PBXBuildFile; fileRef = D9C2BDA726960C0B00A27246 /* ContentView.swift */; };
		D9C2BDAA26960C0D00A27246 /* Assets.xcassets in Resources */ = {isa = PBXBuildFile; fileRef = D9C2BDA926960C0D00A27246 /* Assets.xcassets */; };
		D9C2BDAD26960C0D00A27246 /* Preview Assets.xcassets in Resources */ = {isa = PBXBuildFile; fileRef = D9C2BDAC26960C0D00A27246 /* Preview Assets.xcassets */; };
		D9C2BDC026960F8E00A27246 /* lion.mp4 in Resources */ = {isa = PBXBuildFile; fileRef = D9C2BDB626960F8B00A27246 /* lion.mp4 */; };
		D9C2BDC126960F8E00A27246 /* cheetah.mp4 in Resources */ = {isa = PBXBuildFile; fileRef = D9C2BDB726960F8B00A27246 /* cheetah.mp4 */; };
		D9C2BDC226960F8E00A27246 /* hippo.mp4 in Resources */ = {isa = PBXBuildFile; fileRef = D9C2BDB826960F8C00A27246 /* hippo.mp4 */; };
		D9C2BDC326960F8E00A27246 /* giraffe.mp4 in Resources */ = {isa = PBXBuildFile; fileRef = D9C2BDB926960F8C00A27246 /* giraffe.mp4 */; };
		D9C2BDC426960F8E00A27246 /* gorilla.mp4 in Resources */ = {isa = PBXBuildFile; fileRef = D9C2BDBA26960F8C00A27246 /* gorilla.mp4 */; };
		D9C2BDC526960F8E00A27246 /* elephant.mp4 in Resources */ = {isa = PBXBuildFile; fileRef = D9C2BDBB26960F8D00A27246 /* elephant.mp4 */; };
		D9C2BDC626960F8E00A27246 /* rhino.mp4 in Resources */ = {isa = PBXBuildFile; fileRef = D9C2BDBC26960F8D00A27246 /* rhino.mp4 */; };
		D9C2BDC726960F8E00A27246 /* ostrich.mp4 in Resources */ = {isa = PBXBuildFile; fileRef = D9C2BDBD26960F8D00A27246 /* ostrich.mp4 */; };
		D9C2BDC826960F8E00A27246 /* zebra.mp4 in Resources */ = {isa = PBXBuildFile; fileRef = D9C2BDBE26960F8E00A27246 /* zebra.mp4 */; };
		D9C2BDC926960F8E00A27246 /* lioness.mp4 in Resources */ = {isa = PBXBuildFile; fileRef = D9C2BDBF26960F8E00A27246 /* lioness.mp4 */; };
		D9C2BDD026960FC300A27246 /* animals.json in Resources */ = {isa = PBXBuildFile; fileRef = D9C2BDCC26960FC300A27246 /* animals.json */; };
		D9C2BDD126960FC300A27246 /* covers.json in Resources */ = {isa = PBXBuildFile; fileRef = D9C2BDCD26960FC300A27246 /* covers.json */; };
		D9C2BDD226960FC300A27246 /* locations.json in Resources */ = {isa = PBXBuildFile; fileRef = D9C2BDCE26960FC300A27246 /* locations.json */; };
		D9C2BDD326960FC300A27246 /* videos.json in Resources */ = {isa = PBXBuildFile; fileRef = D9C2BDCF26960FC300A27246 /* videos.json */; };
		D9CDD6CD269C4CD9008D3F2E /* AnimalListItemView.swift in Sources */ = {isa = PBXBuildFile; fileRef = D9CDD6CC269C4CD9008D3F2E /* AnimalListItemView.swift */; };
		D9CDD6D0269C4E99008D3F2E /* AnimalModel.swift in Sources */ = {isa = PBXBuildFile; fileRef = D9CDD6CF269C4E99008D3F2E /* AnimalModel.swift */; };
		D9CDD6D3269C5169008D3F2E /* AnimalDetailView.swift in Sources */ = {isa = PBXBuildFile; fileRef = D9CDD6D2269C5169008D3F2E /* AnimalDetailView.swift */; };
		D9CDD6D6269C7D2D008D3F2E /* HeadingView.swift in Sources */ = {isa = PBXBuildFile; fileRef = D9CDD6D5269C7D2D008D3F2E /* HeadingView.swift */; };
		D9CDD6D9269C7F39008D3F2E /* InsetGalleryView.swift in Sources */ = {isa = PBXBuildFile; fileRef = D9CDD6D8269C7F39008D3F2E /* InsetGalleryView.swift */; };
		D9E6090726971D5B0097D445 /* VideoListView.swift in Sources */ = {isa = PBXBuildFile; fileRef = D9E6090626971D5B0097D445 /* VideoListView.swift */; };
		D9E6090A26971DA60097D445 /* MapView.swift in Sources */ = {isa = PBXBuildFile; fileRef = D9E6090926971DA60097D445 /* MapView.swift */; };
		D9E6090D26971DBA0097D445 /* GalleryView.swift in Sources */ = {isa = PBXBuildFile; fileRef = D9E6090C26971DBA0097D445 /* GalleryView.swift */; };
		D9E6091026971DCD0097D445 /* MainView.swift in Sources */ = {isa = PBXBuildFile; fileRef = D9E6090F26971DCD0097D445 /* MainView.swift */; };
		D9E60914269723390097D445 /* CoverImageView.swift in Sources */ = {isa = PBXBuildFile; fileRef = D9E60913269723390097D445 /* CoverImageView.swift */; };
/* End PBXBuildFile section */

/* Begin PBXFileReference section */
		D99FB85C26973EE600741BD5 /* CoverImageModel.swift */ = {isa = PBXFileReference; lastKnownFileType = sourcecode.swift; path = CoverImageModel.swift; sourceTree = "<group>"; };
		D99FB860269741B500741BD5 /* CodableBundleExtension.swift */ = {isa = PBXFileReference; lastKnownFileType = sourcecode.swift; path = CodableBundleExtension.swift; sourceTree = "<group>"; };
		D9C2BDA226960C0B00A27246 /* Africa.app */ = {isa = PBXFileReference; explicitFileType = wrapper.application; includeInIndex = 0; path = Africa.app; sourceTree = BUILT_PRODUCTS_DIR; };
		D9C2BDA526960C0B00A27246 /* AfricaApp.swift */ = {isa = PBXFileReference; lastKnownFileType = sourcecode.swift; path = AfricaApp.swift; sourceTree = "<group>"; };
		D9C2BDA726960C0B00A27246 /* ContentView.swift */ = {isa = PBXFileReference; lastKnownFileType = sourcecode.swift; path = ContentView.swift; sourceTree = "<group>"; };
		D9C2BDA926960C0D00A27246 /* Assets.xcassets */ = {isa = PBXFileReference; lastKnownFileType = folder.assetcatalog; path = Assets.xcassets; sourceTree = "<group>"; };
		D9C2BDAC26960C0D00A27246 /* Preview Assets.xcassets */ = {isa = PBXFileReference; lastKnownFileType = folder.assetcatalog; path = "Preview Assets.xcassets"; sourceTree = "<group>"; };
		D9C2BDAE26960C0D00A27246 /* Info.plist */ = {isa = PBXFileReference; lastKnownFileType = text.plist.xml; path = Info.plist; sourceTree = "<group>"; };
		D9C2BDB626960F8B00A27246 /* lion.mp4 */ = {isa = PBXFileReference; lastKnownFileType = file; path = lion.mp4; sourceTree = "<group>"; };
		D9C2BDB726960F8B00A27246 /* cheetah.mp4 */ = {isa = PBXFileReference; lastKnownFileType = file; path = cheetah.mp4; sourceTree = "<group>"; };
		D9C2BDB826960F8C00A27246 /* hippo.mp4 */ = {isa = PBXFileReference; lastKnownFileType = file; path = hippo.mp4; sourceTree = "<group>"; };
		D9C2BDB926960F8C00A27246 /* giraffe.mp4 */ = {isa = PBXFileReference; lastKnownFileType = file; path = giraffe.mp4; sourceTree = "<group>"; };
		D9C2BDBA26960F8C00A27246 /* gorilla.mp4 */ = {isa = PBXFileReference; lastKnownFileType = file; path = gorilla.mp4; sourceTree = "<group>"; };
		D9C2BDBB26960F8D00A27246 /* elephant.mp4 */ = {isa = PBXFileReference; lastKnownFileType = file; path = elephant.mp4; sourceTree = "<group>"; };
		D9C2BDBC26960F8D00A27246 /* rhino.mp4 */ = {isa = PBXFileReference; lastKnownFileType = file; path = rhino.mp4; sourceTree = "<group>"; };
		D9C2BDBD26960F8D00A27246 /* ostrich.mp4 */ = {isa = PBXFileReference; lastKnownFileType = file; path = ostrich.mp4; sourceTree = "<group>"; };
		D9C2BDBE26960F8E00A27246 /* zebra.mp4 */ = {isa = PBXFileReference; lastKnownFileType = file; path = zebra.mp4; sourceTree = "<group>"; };
		D9C2BDBF26960F8E00A27246 /* lioness.mp4 */ = {isa = PBXFileReference; lastKnownFileType = file; path = lioness.mp4; sourceTree = "<group>"; };
		D9C2BDCC26960FC300A27246 /* animals.json */ = {isa = PBXFileReference; fileEncoding = 4; lastKnownFileType = text.json; path = animals.json; sourceTree = "<group>"; };
		D9C2BDCD26960FC300A27246 /* covers.json */ = {isa = PBXFileReference; fileEncoding = 4; lastKnownFileType = text.json; path = covers.json; sourceTree = "<group>"; };
		D9C2BDCE26960FC300A27246 /* locations.json */ = {isa = PBXFileReference; fileEncoding = 4; lastKnownFileType = text.json; path = locations.json; sourceTree = "<group>"; };
		D9C2BDCF26960FC300A27246 /* videos.json */ = {isa = PBXFileReference; fileEncoding = 4; lastKnownFileType = text.json; path = videos.json; sourceTree = "<group>"; };
		D9CDD6CC269C4CD9008D3F2E /* AnimalListItemView.swift */ = {isa = PBXFileReference; lastKnownFileType = sourcecode.swift; path = AnimalListItemView.swift; sourceTree = "<group>"; };
		D9CDD6CF269C4E99008D3F2E /* AnimalModel.swift */ = {isa = PBXFileReference; lastKnownFileType = sourcecode.swift; path = AnimalModel.swift; sourceTree = "<group>"; };
		D9CDD6D2269C5169008D3F2E /* AnimalDetailView.swift */ = {isa = PBXFileReference; lastKnownFileType = sourcecode.swift; path = AnimalDetailView.swift; sourceTree = "<group>"; };
		D9CDD6D5269C7D2D008D3F2E /* HeadingView.swift */ = {isa = PBXFileReference; lastKnownFileType = sourcecode.swift; path = HeadingView.swift; sourceTree = "<group>"; };
		D9CDD6D8269C7F39008D3F2E /* InsetGalleryView.swift */ = {isa = PBXFileReference; lastKnownFileType = sourcecode.swift; path = InsetGalleryView.swift; sourceTree = "<group>"; };
		D9E6090626971D5B0097D445 /* VideoListView.swift */ = {isa = PBXFileReference; lastKnownFileType = sourcecode.swift; path = VideoListView.swift; sourceTree = "<group>"; };
		D9E6090926971DA60097D445 /* MapView.swift */ = {isa = PBXFileReference; lastKnownFileType = sourcecode.swift; path = MapView.swift; sourceTree = "<group>"; };
		D9E6090C26971DBA0097D445 /* GalleryView.swift */ = {isa = PBXFileReference; lastKnownFileType = sourcecode.swift; path = GalleryView.swift; sourceTree = "<group>"; };
		D9E6090F26971DCD0097D445 /* MainView.swift */ = {isa = PBXFileReference; lastKnownFileType = sourcecode.swift; path = MainView.swift; sourceTree = "<group>"; };
		D9E60913269723390097D445 /* CoverImageView.swift */ = {isa = PBXFileReference; lastKnownFileType = sourcecode.swift; path = CoverImageView.swift; sourceTree = "<group>"; };
/* End PBXFileReference section */

/* Begin PBXFrameworksBuildPhase section */
		D9C2BD9F26960C0B00A27246 /* Frameworks */ = {
			isa = PBXFrameworksBuildPhase;
			buildActionMask = 2147483647;
			files = (
			);
			runOnlyForDeploymentPostprocessing = 0;
		};
/* End PBXFrameworksBuildPhase section */

/* Begin PBXGroup section */
		D99FB85B26973ECE00741BD5 /* Model */ = {
			isa = PBXGroup;
			children = (
				D99FB85C26973EE600741BD5 /* CoverImageModel.swift */,
				D9CDD6CF269C4E99008D3F2E /* AnimalModel.swift */,
			);
			path = Model;
			sourceTree = "<group>";
		};
		D99FB85F269741A300741BD5 /* Extension */ = {
			isa = PBXGroup;
			children = (
				D99FB860269741B500741BD5 /* CodableBundleExtension.swift */,
			);
			path = Extension;
			sourceTree = "<group>";
		};
		D9C2BD9926960C0B00A27246 = {
			isa = PBXGroup;
			children = (
				D9C2BDA426960C0B00A27246 /* Africa */,
				D9C2BDA326960C0B00A27246 /* Products */,
			);
			sourceTree = "<group>";
		};
		D9C2BDA326960C0B00A27246 /* Products */ = {
			isa = PBXGroup;
			children = (
				D9C2BDA226960C0B00A27246 /* Africa.app */,
			);
			name = Products;
			sourceTree = "<group>";
		};
		D9C2BDA426960C0B00A27246 /* Africa */ = {
			isa = PBXGroup;
			children = (
				D99FB85F269741A300741BD5 /* Extension */,
				D99FB85B26973ECE00741BD5 /* Model */,
				D9E609122697232C0097D445 /* View */,
				D9C2BDCB26960FB500A27246 /* Data */,
				D9C2BDB526960F6600A27246 /* Video */,
				D9E6090426971D050097D445 /* App */,
				D9C2BDA926960C0D00A27246 /* Assets.xcassets */,
				D9C2BDAE26960C0D00A27246 /* Info.plist */,
				D9C2BDAB26960C0D00A27246 /* Preview Content */,
			);
			path = Africa;
			sourceTree = "<group>";
		};
		D9C2BDAB26960C0D00A27246 /* Preview Content */ = {
			isa = PBXGroup;
			children = (
				D9C2BDAC26960C0D00A27246 /* Preview Assets.xcassets */,
			);
			path = "Preview Content";
			sourceTree = "<group>";
		};
		D9C2BDB526960F6600A27246 /* Video */ = {
			isa = PBXGroup;
			children = (
				D9C2BDB726960F8B00A27246 /* cheetah.mp4 */,
				D9C2BDBB26960F8D00A27246 /* elephant.mp4 */,
				D9C2BDB926960F8C00A27246 /* giraffe.mp4 */,
				D9C2BDBA26960F8C00A27246 /* gorilla.mp4 */,
				D9C2BDB826960F8C00A27246 /* hippo.mp4 */,
				D9C2BDB626960F8B00A27246 /* lion.mp4 */,
				D9C2BDBF26960F8E00A27246 /* lioness.mp4 */,
				D9C2BDBD26960F8D00A27246 /* ostrich.mp4 */,
				D9C2BDBC26960F8D00A27246 /* rhino.mp4 */,
				D9C2BDBE26960F8E00A27246 /* zebra.mp4 */,
			);
			path = Video;
			sourceTree = "<group>";
		};
		D9C2BDCB26960FB500A27246 /* Data */ = {
			isa = PBXGroup;
			children = (
				D9C2BDCC26960FC300A27246 /* animals.json */,
				D9C2BDCD26960FC300A27246 /* covers.json */,
				D9C2BDCE26960FC300A27246 /* locations.json */,
				D9C2BDCF26960FC300A27246 /* videos.json */,
			);
			path = Data;
			sourceTree = "<group>";
		};
		D9E6090426971D050097D445 /* App */ = {
			isa = PBXGroup;
			children = (
				D9C2BDA526960C0B00A27246 /* AfricaApp.swift */,
				D9C2BDA726960C0B00A27246 /* ContentView.swift */,
				D9E6090626971D5B0097D445 /* VideoListView.swift */,
				D9E6090926971DA60097D445 /* MapView.swift */,
				D9E6090C26971DBA0097D445 /* GalleryView.swift */,
				D9E6090F26971DCD0097D445 /* MainView.swift */,
			);
			path = App;
			sourceTree = "<group>";
		};
		D9E609122697232C0097D445 /* View */ = {
			isa = PBXGroup;
			children = (
				D9E60913269723390097D445 /* CoverImageView.swift */,
				D9CDD6CC269C4CD9008D3F2E /* AnimalListItemView.swift */,
				D9CDD6D2269C5169008D3F2E /* AnimalDetailView.swift */,
				D9CDD6D5269C7D2D008D3F2E /* HeadingView.swift */,
				D9CDD6D8269C7F39008D3F2E /* InsetGalleryView.swift */,
			);
			path = View;
			sourceTree = "<group>";
		};
/* End PBXGroup section */

/* Begin PBXNativeTarget section */
		D9C2BDA126960C0B00A27246 /* Africa */ = {
			isa = PBXNativeTarget;
			buildConfigurationList = D9C2BDB126960C0D00A27246 /* Build configuration list for PBXNativeTarget "Africa" */;
			buildPhases = (
				D9C2BD9E26960C0B00A27246 /* Sources */,
				D9C2BD9F26960C0B00A27246 /* Frameworks */,
				D9C2BDA026960C0B00A27246 /* Resources */,
			);
			buildRules = (
			);
			dependencies = (
			);
			name = Africa;
			productName = Africa;
			productReference = D9C2BDA226960C0B00A27246 /* Africa.app */;
			productType = "com.apple.product-type.application";
		};
/* End PBXNativeTarget section */

/* Begin PBXProject section */
		D9C2BD9A26960C0B00A27246 /* Project object */ = {
			isa = PBXProject;
			attributes = {
				LastSwiftUpdateCheck = 1240;
				LastUpgradeCheck = 1240;
				TargetAttributes = {
					D9C2BDA126960C0B00A27246 = {
						CreatedOnToolsVersion = 12.4;
					};
				};
			};
			buildConfigurationList = D9C2BD9D26960C0B00A27246 /* Build configuration list for PBXProject "Africa" */;
			compatibilityVersion = "Xcode 9.3";
			developmentRegion = en;
			hasScannedForEncodings = 0;
			knownRegions = (
				en,
				Base,
			);
			mainGroup = D9C2BD9926960C0B00A27246;
			productRefGroup = D9C2BDA326960C0B00A27246 /* Products */;
			projectDirPath = "";
			projectRoot = "";
			targets = (
				D9C2BDA126960C0B00A27246 /* Africa */,
			);
		};
/* End PBXProject section */

/* Begin PBXResourcesBuildPhase section */
		D9C2BDA026960C0B00A27246 /* Resources */ = {
			isa = PBXResourcesBuildPhase;
			buildActionMask = 2147483647;
			files = (
				D9C2BDC226960F8E00A27246 /* hippo.mp4 in Resources */,
				D9C2BDC126960F8E00A27246 /* cheetah.mp4 in Resources */,
				D9C2BDC326960F8E00A27246 /* giraffe.mp4 in Resources */,
				D9C2BDC626960F8E00A27246 /* rhino.mp4 in Resources */,
				D9C2BDC426960F8E00A27246 /* gorilla.mp4 in Resources */,
				D9C2BDC526960F8E00A27246 /* elephant.mp4 in Resources */,
				D9C2BDC826960F8E00A27246 /* zebra.mp4 in Resources */,
				D9C2BDD226960FC300A27246 /* locations.json in Resources */,
				D9C2BDD126960FC300A27246 /* covers.json in Resources */,
				D9C2BDD026960FC300A27246 /* animals.json in Resources */,
				D9C2BDAD26960C0D00A27246 /* Preview Assets.xcassets in Resources */,
				D9C2BDC026960F8E00A27246 /* lion.mp4 in Resources */,
				D9C2BDC726960F8E00A27246 /* ostrich.mp4 in Resources */,
				D9C2BDD326960FC300A27246 /* videos.json in Resources */,
				D9C2BDAA26960C0D00A27246 /* Assets.xcassets in Resources */,
				D9C2BDC926960F8E00A27246 /* lioness.mp4 in Resources */,
			);
			runOnlyForDeploymentPostprocessing = 0;
		};
/* End PBXResourcesBuildPhase section */

/* Begin PBXSourcesBuildPhase section */
		D9C2BD9E26960C0B00A27246 /* Sources */ = {
			isa = PBXSourcesBuildPhase;
			buildActionMask = 2147483647;
			files = (
				D9C2BDA826960C0B00A27246 /* ContentView.swift in Sources */,
				D9CDD6CD269C4CD9008D3F2E /* AnimalListItemView.swift in Sources */,
				D9E6091026971DCD0097D445 /* MainView.swift in Sources */,
				D9E60914269723390097D445 /* CoverImageView.swift in Sources */,
				D99FB85D26973EE600741BD5 /* CoverImageModel.swift in Sources */,
				D9CDD6D3269C5169008D3F2E /* AnimalDetailView.swift in Sources */,
				D9CDD6D0269C4E99008D3F2E /* AnimalModel.swift in Sources */,
				D9E6090A26971DA60097D445 /* MapView.swift in Sources */,
				D9C2BDA626960C0B00A27246 /* AfricaApp.swift in Sources */,
				D9E6090726971D5B0097D445 /* VideoListView.swift in Sources */,
				D9E6090D26971DBA0097D445 /* GalleryView.swift in Sources */,
				D9CDD6D9269C7F39008D3F2E /* InsetGalleryView.swift in Sources */,
				D99FB861269741B500741BD5 /* CodableBundleExtension.swift in Sources */,
				D9CDD6D6269C7D2D008D3F2E /* HeadingView.swift in Sources */,
			);
			runOnlyForDeploymentPostprocessing = 0;
		};
/* End PBXSourcesBuildPhase section */

/* Begin XCBuildConfiguration section */
		D9C2BDAF26960C0D00A27246 /* Debug */ = {
			isa = XCBuildConfiguration;
			buildSettings = {
				ALWAYS_SEARCH_USER_PATHS = NO;
				CLANG_ANALYZER_NONNULL = YES;
				CLANG_ANALYZER_NUMBER_OBJECT_CONVERSION = YES_AGGRESSIVE;
				CLANG_CXX_LANGUAGE_STANDARD = "gnu++14";
				CLANG_CXX_LIBRARY = "libc++";
				CLANG_ENABLE_MODULES = YES;
				CLANG_ENABLE_OBJC_ARC = YES;
				CLANG_ENABLE_OBJC_WEAK = YES;
				CLANG_WARN_BLOCK_CAPTURE_AUTORELEASING = YES;
				CLANG_WARN_BOOL_CONVERSION = YES;
				CLANG_WARN_COMMA = YES;
				CLANG_WARN_CONSTANT_CONVERSION = YES;
				CLANG_WARN_DEPRECATED_OBJC_IMPLEMENTATIONS = YES;
				CLANG_WARN_DIRECT_OBJC_ISA_USAGE = YES_ERROR;
				CLANG_WARN_DOCUMENTATION_COMMENTS = YES;
				CLANG_WARN_EMPTY_BODY = YES;
				CLANG_WARN_ENUM_CONVERSION = YES;
				CLANG_WARN_INFINITE_RECURSION = YES;
				CLANG_WARN_INT_CONVERSION = YES;
				CLANG_WARN_NON_LITERAL_NULL_CONVERSION = YES;
				CLANG_WARN_OBJC_IMPLICIT_RETAIN_SELF = YES;
				CLANG_WARN_OBJC_LITERAL_CONVERSION = YES;
				CLANG_WARN_OBJC_ROOT_CLASS = YES_ERROR;
				CLANG_WARN_QUOTED_INCLUDE_IN_FRAMEWORK_HEADER = YES;
				CLANG_WARN_RANGE_LOOP_ANALYSIS = YES;
				CLANG_WARN_STRICT_PROTOTYPES = YES;
				CLANG_WARN_SUSPICIOUS_MOVE = YES;
				CLANG_WARN_UNGUARDED_AVAILABILITY = YES_AGGRESSIVE;
				CLANG_WARN_UNREACHABLE_CODE = YES;
				CLANG_WARN__DUPLICATE_METHOD_MATCH = YES;
				COPY_PHASE_STRIP = NO;
				DEBUG_INFORMATION_FORMAT = dwarf;
				ENABLE_STRICT_OBJC_MSGSEND = YES;
				ENABLE_TESTABILITY = YES;
				GCC_C_LANGUAGE_STANDARD = gnu11;
				GCC_DYNAMIC_NO_PIC = NO;
				GCC_NO_COMMON_BLOCKS = YES;
				GCC_OPTIMIZATION_LEVEL = 0;
				GCC_PREPROCESSOR_DEFINITIONS = (
					"DEBUG=1",
					"$(inherited)",
				);
				GCC_WARN_64_TO_32_BIT_CONVERSION = YES;
				GCC_WARN_ABOUT_RETURN_TYPE = YES_ERROR;
				GCC_WARN_UNDECLARED_SELECTOR = YES;
				GCC_WARN_UNINITIALIZED_AUTOS = YES_AGGRESSIVE;
				GCC_WARN_UNUSED_FUNCTION = YES;
				GCC_WARN_UNUSED_VARIABLE = YES;
				IPHONEOS_DEPLOYMENT_TARGET = 14.4;
				MTL_ENABLE_DEBUG_INFO = INCLUDE_SOURCE;
				MTL_FAST_MATH = YES;
				ONLY_ACTIVE_ARCH = YES;
				SDKROOT = iphoneos;
				SWIFT_ACTIVE_COMPILATION_CONDITIONS = DEBUG;
				SWIFT_OPTIMIZATION_LEVEL = "-Onone";
			};
			name = Debug;
		};
		D9C2BDB026960C0D00A27246 /* Release */ = {
			isa = XCBuildConfiguration;
			buildSettings = {
				ALWAYS_SEARCH_USER_PATHS = NO;
				CLANG_ANALYZER_NONNULL = YES;
				CLANG_ANALYZER_NUMBER_OBJECT_CONVERSION = YES_AGGRESSIVE;
				CLANG_CXX_LANGUAGE_STANDARD = "gnu++14";
				CLANG_CXX_LIBRARY = "libc++";
				CLANG_ENABLE_MODULES = YES;
				CLANG_ENABLE_OBJC_ARC = YES;
				CLANG_ENABLE_OBJC_WEAK = YES;
				CLANG_WARN_BLOCK_CAPTURE_AUTORELEASING = YES;
				CLANG_WARN_BOOL_CONVERSION = YES;
				CLANG_WARN_COMMA = YES;
				CLANG_WARN_CONSTANT_CONVERSION = YES;
				CLANG_WARN_DEPRECATED_OBJC_IMPLEMENTATIONS = YES;
				CLANG_WARN_DIRECT_OBJC_ISA_USAGE = YES_ERROR;
				CLANG_WARN_DOCUMENTATION_COMMENTS = YES;
				CLANG_WARN_EMPTY_BODY = YES;
				CLANG_WARN_ENUM_CONVERSION = YES;
				CLANG_WARN_INFINITE_RECURSION = YES;
				CLANG_WARN_INT_CONVERSION = YES;
				CLANG_WARN_NON_LITERAL_NULL_CONVERSION = YES;
				CLANG_WARN_OBJC_IMPLICIT_RETAIN_SELF = YES;
				CLANG_WARN_OBJC_LITERAL_CONVERSION = YES;
				CLANG_WARN_OBJC_ROOT_CLASS = YES_ERROR;
				CLANG_WARN_QUOTED_INCLUDE_IN_FRAMEWORK_HEADER = YES;
				CLANG_WARN_RANGE_LOOP_ANALYSIS = YES;
				CLANG_WARN_STRICT_PROTOTYPES = YES;
				CLANG_WARN_SUSPICIOUS_MOVE = YES;
				CLANG_WARN_UNGUARDED_AVAILABILITY = YES_AGGRESSIVE;
				CLANG_WARN_UNREACHABLE_CODE = YES;
				CLANG_WARN__DUPLICATE_METHOD_MATCH = YES;
				COPY_PHASE_STRIP = NO;
				DEBUG_INFORMATION_FORMAT = "dwarf-with-dsym";
				ENABLE_NS_ASSERTIONS = NO;
				ENABLE_STRICT_OBJC_MSGSEND = YES;
				GCC_C_LANGUAGE_STANDARD = gnu11;
				GCC_NO_COMMON_BLOCKS = YES;
				GCC_WARN_64_TO_32_BIT_CONVERSION = YES;
				GCC_WARN_ABOUT_RETURN_TYPE = YES_ERROR;
				GCC_WARN_UNDECLARED_SELECTOR = YES;
				GCC_WARN_UNINITIALIZED_AUTOS = YES_AGGRESSIVE;
				GCC_WARN_UNUSED_FUNCTION = YES;
				GCC_WARN_UNUSED_VARIABLE = YES;
				IPHONEOS_DEPLOYMENT_TARGET = 14.4;
				MTL_ENABLE_DEBUG_INFO = NO;
				MTL_FAST_MATH = YES;
				SDKROOT = iphoneos;
				SWIFT_COMPILATION_MODE = wholemodule;
				SWIFT_OPTIMIZATION_LEVEL = "-O";
				VALIDATE_PRODUCT = YES;
			};
			name = Release;
		};
		D9C2BDB226960C0D00A27246 /* Debug */ = {
			isa = XCBuildConfiguration;
			buildSettings = {
				ASSETCATALOG_COMPILER_APPICON_NAME = AppIcon;
				ASSETCATALOG_COMPILER_GLOBAL_ACCENT_COLOR_NAME = AccentColor;
				CODE_SIGN_STYLE = Automatic;
				DEVELOPMENT_ASSET_PATHS = "\"Africa/Preview Content\"";
				DEVELOPMENT_TEAM = QSBKKKWY4F;
				ENABLE_PREVIEWS = YES;
				INFOPLIST_FILE = Africa/Info.plist;
				IPHONEOS_DEPLOYMENT_TARGET = 14.0;
				LD_RUNPATH_SEARCH_PATHS = (
					"$(inherited)",
					"@executable_path/Frameworks",
				);
				PRODUCT_BUNDLE_IDENTIFIER = com.ginosesia.Africa;
				PRODUCT_NAME = "$(TARGET_NAME)";
				SWIFT_VERSION = 5.0;
				TARGETED_DEVICE_FAMILY = "1,2";
			};
			name = Debug;
		};
		D9C2BDB326960C0D00A27246 /* Release */ = {
			isa = XCBuildConfiguration;
			buildSettings = {
				ASSETCATALOG_COMPILER_APPICON_NAME = AppIcon;
				ASSETCATALOG_COMPILER_GLOBAL_ACCENT_COLOR_NAME = AccentColor;
				CODE_SIGN_STYLE = Automatic;
				DEVELOPMENT_ASSET_PATHS = "\"Africa/Preview Content\"";
				DEVELOPMENT_TEAM = QSBKKKWY4F;
				ENABLE_PREVIEWS = YES;
				INFOPLIST_FILE = Africa/Info.plist;
				IPHONEOS_DEPLOYMENT_TARGET = 14.0;
				LD_RUNPATH_SEARCH_PATHS = (
					"$(inherited)",
					"@executable_path/Frameworks",
				);
				PRODUCT_BUNDLE_IDENTIFIER = com.ginosesia.Africa;
				PRODUCT_NAME = "$(TARGET_NAME)";
				SWIFT_VERSION = 5.0;
				TARGETED_DEVICE_FAMILY = "1,2";
			};
			name = Release;
		};
/* End XCBuildConfiguration section */

/* Begin XCConfigurationList section */
		D9C2BD9D26960C0B00A27246 /* Build configuration list for PBXProject "Africa" */ = {
			isa = XCConfigurationList;
			buildConfigurations = (
				D9C2BDAF26960C0D00A27246 /* Debug */,
				D9C2BDB026960C0D00A27246 /* Release */,
			);
			defaultConfigurationIsVisible = 0;
			defaultConfigurationName = Release;
		};
		D9C2BDB126960C0D00A27246 /* Build configuration list for PBXNativeTarget "Africa" */ = {
			isa = XCConfigurationList;
			buildConfigurations = (
				D9C2BDB226960C0D00A27246 /* Debug */,
				D9C2BDB326960C0D00A27246 /* Release */,
			);
			defaultConfigurationIsVisible = 0;
			defaultConfigurationName = Release;
		};
/* End XCConfigurationList section */
	};
	rootObject = D9C2BD9A26960C0B00A27246 /* Project object */;
}
